
Microsoft Visual Studio Solution File, Format Version 12.00
# Visual Studio Version 17
VisualStudioVersion = 17.10.35013.160
MinimumVisualStudioVersion = 10.0.40219.1
Project("{FAE04EC0-301F-11D3-BF4B-00C04F79EFBC}") = "WomensClothing", "WomensClothing.csproj", "{68C60BDD-8557-401A-8A4D-1F695E573FFA}"
EndProject
Global
	GlobalSection(SolutionConfigurationPlatforms) = preSolution
		Debug|Any CPU = Debug|Any CPU
		Release|Any CPU = Release|Any CPU
	EndGlobalSection
	GlobalSection(ProjectConfigurationPlatforms) = postSolution
		{68C60BDD-8557-401A-8A4D-1F695E573FFA}.Debug|Any CPU.ActiveCfg = Debug|Any CPU
		{68C60BDD-8557-401A-8A4D-1F695E573FFA}.Debug|Any CPU.Build.0 = Debug|Any CPU
		{68C60BDD-8557-401A-8A4D-1F695E573FFA}.Release|Any CPU.ActiveCfg = Release|Any CPU
		{68C60BDD-8557-401A-8A4D-1F695E573FFA}.Release|Any CPU.Build.0 = Release|Any CPU
	EndGlobalSection
	GlobalSection(SolutionProperties) = preSolution
		HideSolutionNode = FALSE
	EndGlobalSection
	GlobalSection(ExtensibilityGlobals) = postSolution
		SolutionGuid = {BF8E9A5E-311C-4A86-A1B1-6633651BC888}
	EndGlobalSection
EndGlobal
